{
    __meta__ = {
        version = "1.0"
    },
    ["windows|x64"] = {
        ["cmake#f56260b5"] = {
            repo = {
                branch = "master",
                commit = "ed0a4fc501acf84b3ab5664cf5b3b73158d04fc2",
                url = "https://github.com/xmake-io/xmake-repo.git"
            },
            version = "4.3.4"
        },
        ["directxmath 2024.02#f56260b5"] = {
            repo = {
                branch = "master",
                commit = "ed0a4fc501acf84b3ab5664cf5b3b73158d04fc2",
                url = "https://github.com/xmake-io/xmake-repo.git"
            },
            version = "2024.02"
        },
        ["directxtk 24.2.0#f56260b5"] = {
            repo = {
                branch = "master",
                commit = "ed0a4fc501acf84b3ab5664cf5b3b73158d04fc2",
                url = "https://github.com/xmake-io/xmake-repo.git"
            },
            version = "24.2.0"
        },
        ["ninja#f56260b5"] = {
            repo = {
                branch = "master",
                commit = "ed0a4fc501acf84b3ab5664cf5b3b73158d04fc2",
                url = "https://github.com/xmake-io/xmake-repo.git"
            },
            version = "v1.13.2"
        },
        ["rapidcsv v8.92#f56260b5"] = {
            repo = {
                branch = "master",
                commit = "ed0a4fc501acf84b3ab5664cf5b3b73158d04fc2",
                url = "https://github.com/xmake-io/xmake-repo.git"
            },
            version = "v8.92"
        },
        ["spdlog v1.16.0#09c8c173"] = {
            repo = {
                branch = "master",
                commit = "ed0a4fc501acf84b3ab5664cf5b3b73158d04fc2",
                url = "https://github.com/xmake-io/xmake-repo.git"
            },
            version = "v1.16.0"
        }
    }
}